[0m[1mdata.local_file.user_data: Reading...[0m[0m
[0m[1mdata.local_file.user_data: Read complete after 0s [id=31d4563dc7e21fb14f48476716298486362f68e8][0m
[0m[1mdata.http.ip: Reading...[0m[0m
[0m[1mdata.http.ip: Read complete after 0s [id=http://icanhazip.com][0m
[0m[1mmodule.ec2_instance.data.aws_ami.app_ami: Reading...[0m[0m
[0m[1mmodule.ec2_instance.data.aws_ami.app_ami: Read complete after 0s [id=ami-0464d49b8794eba32][0m

Terraform used the selected providers to generate the following execution
plan. Resource actions are indicated with the following symbols:
  [32m+[0m create
[0m
Terraform will perform the following actions:

[1m  # local_file.ec2_infos[0m will be created[0m[0m
[0m  [32m+[0m[0m resource "local_file" "ec2_infos" {
      [32m+[0m [0m[1m[0mcontent[0m[0m              = (known after apply)
      [32m+[0m [0m[1m[0mdirectory_permission[0m[0m = "0777"
      [32m+[0m [0m[1m[0mfile_permission[0m[0m      = "0755"
      [32m+[0m [0m[1m[0mfilename[0m[0m             = "infos_ec2.txt"
      [32m+[0m [0m[1m[0mid[0m[0m                   = (known after apply)
    }

[1m  # module.ebs.aws_ebs_volume.ebs[0m will be created[0m[0m
[0m  [32m+[0m[0m resource "aws_ebs_volume" "ebs" {
      [32m+[0m [0m[1m[0marn[0m[0m               = (known after apply)
      [32m+[0m [0m[1m[0mavailability_zone[0m[0m = (known after apply)
      [32m+[0m [0m[1m[0mencrypted[0m[0m         = (known after apply)
      [32m+[0m [0m[1m[0mfinal_snapshot[0m[0m    = false
      [32m+[0m [0m[1m[0mid[0m[0m                = (known after apply)
      [32m+[0m [0m[1m[0miops[0m[0m              = (known after apply)
      [32m+[0m [0m[1m[0mkms_key_id[0m[0m        = (known after apply)
      [32m+[0m [0m[1m[0msize[0m[0m              = 10
      [32m+[0m [0m[1m[0msnapshot_id[0m[0m       = (known after apply)
      [32m+[0m [0m[1m[0mtags[0m[0m              = {
          [32m+[0m [0m"Name" = "ebs-ec2-project"
        }
      [32m+[0m [0m[1m[0mtags_all[0m[0m          = {
          [32m+[0m [0m"Name" = "ebs-ec2-project"
        }
      [32m+[0m [0m[1m[0mthroughput[0m[0m        = (known after apply)
      [32m+[0m [0m[1m[0mtype[0m[0m              = "gp2"
    }

[1m  # module.ebs.aws_volume_attachment.ebs_att[0m will be created[0m[0m
[0m  [32m+[0m[0m resource "aws_volume_attachment" "ebs_att" {
      [32m+[0m [0m[1m[0mdevice_name[0m[0m = "/dev/xvdb"
      [32m+[0m [0m[1m[0mid[0m[0m          = (known after apply)
      [32m+[0m [0m[1m[0minstance_id[0m[0m = (known after apply)
      [32m+[0m [0m[1m[0mvolume_id[0m[0m   = (known after apply)
    }

[1m  # module.ec2_instance.aws_eip_association.allocation-eip[0][0m will be created[0m[0m
[0m  [32m+[0m[0m resource "aws_eip_association" "allocation-eip" {
      [32m+[0m [0m[1m[0mallocation_id[0m[0m        = (known after apply)
      [32m+[0m [0m[1m[0mid[0m[0m                   = (known after apply)
      [32m+[0m [0m[1m[0minstance_id[0m[0m          = (known after apply)
      [32m+[0m [0m[1m[0mnetwork_interface_id[0m[0m = (known after apply)
      [32m+[0m [0m[1m[0mprivate_ip_address[0m[0m   = (known after apply)
      [32m+[0m [0m[1m[0mpublic_ip[0m[0m            = (known after apply)
    }

[1m  # module.ec2_instance.aws_instance.ec2[0m will be created[0m[0m
[0m  [32m+[0m[0m resource "aws_instance" "ec2" {
      [32m+[0m [0m[1m[0mami[0m[0m                                  = "ami-0464d49b8794eba32"
      [32m+[0m [0m[1m[0marn[0m[0m                                  = (known after apply)
      [32m+[0m [0m[1m[0massociate_public_ip_address[0m[0m          = (known after apply)
      [32m+[0m [0m[1m[0mavailability_zone[0m[0m                    = (known after apply)
      [32m+[0m [0m[1m[0mcpu_core_count[0m[0m                       = (known after apply)
      [32m+[0m [0m[1m[0mcpu_threads_per_core[0m[0m                 = (known after apply)
      [32m+[0m [0m[1m[0mdisable_api_stop[0m[0m                     = (known after apply)
      [32m+[0m [0m[1m[0mdisable_api_termination[0m[0m              = (known after apply)
      [32m+[0m [0m[1m[0mebs_optimized[0m[0m                        = (known after apply)
      [32m+[0m [0m[1m[0mget_password_data[0m[0m                    = false
      [32m+[0m [0m[1m[0mhost_id[0m[0m                              = (known after apply)
      [32m+[0m [0m[1m[0mhost_resource_group_arn[0m[0m              = (known after apply)
      [32m+[0m [0m[1m[0mid[0m[0m                                   = (known after apply)
      [32m+[0m [0m[1m[0minstance_initiated_shutdown_behavior[0m[0m = (known after apply)
      [32m+[0m [0m[1m[0minstance_state[0m[0m                       = (known after apply)
      [32m+[0m [0m[1m[0minstance_type[0m[0m                        = "t2.nano"
      [32m+[0m [0m[1m[0mipv6_address_count[0m[0m                   = (known after apply)
      [32m+[0m [0m[1m[0mipv6_addresses[0m[0m                       = (known after apply)
      [32m+[0m [0m[1m[0mkey_name[0m[0m                             = "key-project"
      [32m+[0m [0m[1m[0mmonitoring[0m[0m                           = (known after apply)
      [32m+[0m [0m[1m[0moutpost_arn[0m[0m                          = (known after apply)
      [32m+[0m [0m[1m[0mpassword_data[0m[0m                        = (known after apply)
      [32m+[0m [0m[1m[0mplacement_group[0m[0m                      = (known after apply)
      [32m+[0m [0m[1m[0mplacement_partition_number[0m[0m           = (known after apply)
      [32m+[0m [0m[1m[0mprimary_network_interface_id[0m[0m         = (known after apply)
      [32m+[0m [0m[1m[0mprivate_dns[0m[0m                          = (known after apply)
      [32m+[0m [0m[1m[0mprivate_ip[0m[0m                           = (known after apply)
      [32m+[0m [0m[1m[0mpublic_dns[0m[0m                           = (known after apply)
      [32m+[0m [0m[1m[0mpublic_ip[0m[0m                            = (known after apply)
      [32m+[0m [0m[1m[0msecondary_private_ips[0m[0m                = (known after apply)
      [32m+[0m [0m[1m[0msecurity_groups[0m[0m                      = (known after apply)
      [32m+[0m [0m[1m[0msource_dest_check[0m[0m                    = true
      [32m+[0m [0m[1m[0msubnet_id[0m[0m                            = (known after apply)
      [32m+[0m [0m[1m[0mtags[0m[0m                                 = {
          [32m+[0m [0m"Name" = "ec2-project"
        }
      [32m+[0m [0m[1m[0mtags_all[0m[0m                             = {
          [32m+[0m [0m"Name" = "ec2-project"
        }
      [32m+[0m [0m[1m[0mtenancy[0m[0m                              = (known after apply)
      [32m+[0m [0m[1m[0muser_data[0m[0m                            = "31d4563dc7e21fb14f48476716298486362f68e8"
      [32m+[0m [0m[1m[0muser_data_base64[0m[0m                     = (known after apply)
      [32m+[0m [0m[1m[0muser_data_replace_on_change[0m[0m          = false
      [32m+[0m [0m[1m[0mvpc_security_group_ids[0m[0m               = (known after apply)

      [32m+[0m [0mcapacity_reservation_specification {
          [32m+[0m [0m[1m[0mcapacity_reservation_preference[0m[0m = (known after apply)

          [32m+[0m [0mcapacity_reservation_target {
              [32m+[0m [0m[1m[0mcapacity_reservation_id[0m[0m                 = (known after apply)
              [32m+[0m [0m[1m[0mcapacity_reservation_resource_group_arn[0m[0m = (known after apply)
            }
        }

      [32m+[0m [0mebs_block_device {
          [32m+[0m [0m[1m[0mdelete_on_termination[0m[0m = (known after apply)
          [32m+[0m [0m[1m[0mdevice_name[0m[0m           = (known after apply)
          [32m+[0m [0m[1m[0mencrypted[0m[0m             = (known after apply)
          [32m+[0m [0m[1m[0miops[0m[0m                  = (known after apply)
          [32m+[0m [0m[1m[0mkms_key_id[0m[0m            = (known after apply)
          [32m+[0m [0m[1m[0msnapshot_id[0m[0m           = (known after apply)
          [32m+[0m [0m[1m[0mtags[0m[0m                  = (known after apply)
          [32m+[0m [0m[1m[0mthroughput[0m[0m            = (known after apply)
          [32m+[0m [0m[1m[0mvolume_id[0m[0m             = (known after apply)
          [32m+[0m [0m[1m[0mvolume_size[0m[0m           = (known after apply)
          [32m+[0m [0m[1m[0mvolume_type[0m[0m           = (known after apply)
        }

      [32m+[0m [0menclave_options {
          [32m+[0m [0m[1m[0menabled[0m[0m = (known after apply)
        }

      [32m+[0m [0mephemeral_block_device {
          [32m+[0m [0m[1m[0mdevice_name[0m[0m  = (known after apply)
          [32m+[0m [0m[1m[0mno_device[0m[0m    = (known after apply)
          [32m+[0m [0m[1m[0mvirtual_name[0m[0m = (known after apply)
        }

      [32m+[0m [0mmaintenance_options {
          [32m+[0m [0m[1m[0mauto_recovery[0m[0m = (known after apply)
        }

      [32m+[0m [0mmetadata_options {
          [32m+[0m [0m[1m[0mhttp_endpoint[0m[0m               = (known after apply)
          [32m+[0m [0m[1m[0mhttp_put_response_hop_limit[0m[0m = (known after apply)
          [32m+[0m [0m[1m[0mhttp_tokens[0m[0m                 = (known after apply)
          [32m+[0m [0m[1m[0minstance_metadata_tags[0m[0m      = (known after apply)
        }

      [32m+[0m [0mnetwork_interface {
          [32m+[0m [0m[1m[0mdelete_on_termination[0m[0m = (known after apply)
          [32m+[0m [0m[1m[0mdevice_index[0m[0m          = (known after apply)
          [32m+[0m [0m[1m[0mnetwork_card_index[0m[0m    = (known after apply)
          [32m+[0m [0m[1m[0mnetwork_interface_id[0m[0m  = (known after apply)
        }

      [32m+[0m [0mprivate_dns_name_options {
          [32m+[0m [0m[1m[0menable_resource_name_dns_a_record[0m[0m    = (known after apply)
          [32m+[0m [0m[1m[0menable_resource_name_dns_aaaa_record[0m[0m = (known after apply)
          [32m+[0m [0m[1m[0mhostname_type[0m[0m                        = (known after apply)
        }

      [32m+[0m [0mroot_block_device {
          [32m+[0m [0m[1m[0mdelete_on_termination[0m[0m = (known after apply)
          [32m+[0m [0m[1m[0mdevice_name[0m[0m           = (known after apply)
          [32m+[0m [0m[1m[0mencrypted[0m[0m             = (known after apply)
          [32m+[0m [0m[1m[0miops[0m[0m                  = (known after apply)
          [32m+[0m [0m[1m[0mkms_key_id[0m[0m            = (known after apply)
          [32m+[0m [0m[1m[0mtags[0m[0m                  = (known after apply)
          [32m+[0m [0m[1m[0mthroughput[0m[0m            = (known after apply)
          [32m+[0m [0m[1m[0mvolume_id[0m[0m             = (known after apply)
          [32m+[0m [0m[1m[0mvolume_size[0m[0m           = (known after apply)
          [32m+[0m [0m[1m[0mvolume_type[0m[0m           = (known after apply)
        }
    }

[1m  # module.ec2_instance.aws_network_interface_sg_attachment.sg_attachment[0m will be created[0m[0m
[0m  [32m+[0m[0m resource "aws_network_interface_sg_attachment" "sg_attachment" {
      [32m+[0m [0m[1m[0mid[0m[0m                   = (known after apply)
      [32m+[0m [0m[1m[0mnetwork_interface_id[0m[0m = (known after apply)
      [32m+[0m [0m[1m[0msecurity_group_id[0m[0m    = (known after apply)
    }

[1m  # module.eip.aws_eip.eip[0m will be created[0m[0m
[0m  [32m+[0m[0m resource "aws_eip" "eip" {
      [32m+[0m [0m[1m[0mallocation_id[0m[0m        = (known after apply)
      [32m+[0m [0m[1m[0massociation_id[0m[0m       = (known after apply)
      [32m+[0m [0m[1m[0mcarrier_ip[0m[0m           = (known after apply)
      [32m+[0m [0m[1m[0mcustomer_owned_ip[0m[0m    = (known after apply)
      [32m+[0m [0m[1m[0mdomain[0m[0m               = (known after apply)
      [32m+[0m [0m[1m[0mid[0m[0m                   = (known after apply)
      [32m+[0m [0m[1m[0minstance[0m[0m             = (known after apply)
      [32m+[0m [0m[1m[0mnetwork_border_group[0m[0m = (known after apply)
      [32m+[0m [0m[1m[0mnetwork_interface[0m[0m    = (known after apply)
      [32m+[0m [0m[1m[0mprivate_dns[0m[0m          = (known after apply)
      [32m+[0m [0m[1m[0mprivate_ip[0m[0m           = (known after apply)
      [32m+[0m [0m[1m[0mpublic_dns[0m[0m           = (known after apply)
      [32m+[0m [0m[1m[0mpublic_ip[0m[0m            = (known after apply)
      [32m+[0m [0m[1m[0mpublic_ipv4_pool[0m[0m     = (known after apply)
      [32m+[0m [0m[1m[0mtags[0m[0m                 = {
          [32m+[0m [0m"Name" = "eip-project"
        }
      [32m+[0m [0m[1m[0mtags_all[0m[0m             = {
          [32m+[0m [0m"Name" = "eip-project"
        }
      [32m+[0m [0m[1m[0mvpc[0m[0m                  = true
    }

[1m  # module.key_ssh.aws_key_pair.generated_key[0][0m will be created[0m[0m
[0m  [32m+[0m[0m resource "aws_key_pair" "generated_key" {
      [32m+[0m [0m[1m[0marn[0m[0m             = (known after apply)
      [32m+[0m [0m[1m[0mfingerprint[0m[0m     = (known after apply)
      [32m+[0m [0m[1m[0mid[0m[0m              = (known after apply)
      [32m+[0m [0m[1m[0mkey_name[0m[0m        = "key-project"
      [32m+[0m [0m[1m[0mkey_name_prefix[0m[0m = (known after apply)
      [32m+[0m [0m[1m[0mkey_pair_id[0m[0m     = (known after apply)
      [32m+[0m [0m[1m[0mkey_type[0m[0m        = (known after apply)
      [32m+[0m [0m[1m[0mpublic_key[0m[0m      = (known after apply)
      [32m+[0m [0m[1m[0mtags_all[0m[0m        = (known after apply)
    }

[1m  # module.key_ssh.local_file.private_key[0m will be created[0m[0m
[0m  [32m+[0m[0m resource "local_file" "private_key" {
      [32m+[0m [0m[1m[0mcontent[0m[0m              = (sensitive)
      [32m+[0m [0m[1m[0mdirectory_permission[0m[0m = "0777"
      [32m+[0m [0m[1m[0mfile_permission[0m[0m      = "0600"
      [32m+[0m [0m[1m[0mfilename[0m[0m             = "../../key-project.pem"
      [32m+[0m [0m[1m[0mid[0m[0m                   = (known after apply)
    }

[1m  # module.key_ssh.tls_private_key.private-key[0][0m will be created[0m[0m
[0m  [32m+[0m[0m resource "tls_private_key" "private-key" {
      [32m+[0m [0m[1m[0malgorithm[0m[0m                     = "RSA"
      [32m+[0m [0m[1m[0mecdsa_curve[0m[0m                   = "P224"
      [32m+[0m [0m[1m[0mid[0m[0m                            = (known after apply)
      [32m+[0m [0m[1m[0mprivate_key_openssh[0m[0m           = (sensitive value)
      [32m+[0m [0m[1m[0mprivate_key_pem[0m[0m               = (sensitive value)
      [32m+[0m [0m[1m[0mprivate_key_pem_pkcs8[0m[0m         = (sensitive value)
      [32m+[0m [0m[1m[0mpublic_key_fingerprint_md5[0m[0m    = (known after apply)
      [32m+[0m [0m[1m[0mpublic_key_fingerprint_sha256[0m[0m = (known after apply)
      [32m+[0m [0m[1m[0mpublic_key_openssh[0m[0m            = (known after apply)
      [32m+[0m [0m[1m[0mpublic_key_pem[0m[0m                = (known after apply)
      [32m+[0m [0m[1m[0mrsa_bits[0m[0m                      = 4096
    }

[1m  # module.sg.aws_security_group.public[0m will be created[0m[0m
[0m  [32m+[0m[0m resource "aws_security_group" "public" {
      [32m+[0m [0m[1m[0marn[0m[0m                    = (known after apply)
      [32m+[0m [0m[1m[0mdescription[0m[0m            = "public security group"
      [32m+[0m [0m[1m[0megress[0m[0m                 = [
          [32m+[0m [0m{
              [32m+[0m [0mcidr_blocks      = [
                  [32m+[0m [0m"0.0.0.0/0",
                ]
              [32m+[0m [0mdescription      = ""
              [32m+[0m [0mfrom_port        = 0
              [32m+[0m [0mipv6_cidr_blocks = []
              [32m+[0m [0mprefix_list_ids  = []
              [32m+[0m [0mprotocol         = "-1"
              [32m+[0m [0msecurity_groups  = []
              [32m+[0m [0mself             = false
              [32m+[0m [0mto_port          = 0
            },
        ]
      [32m+[0m [0m[1m[0mid[0m[0m                     = (known after apply)
      [32m+[0m [0m[1m[0mingress[0m[0m                = [
          [32m+[0m [0m{
              [32m+[0m [0mcidr_blocks      = [
                  [32m+[0m [0m"0.0.0.0/0",
                ]
              [32m+[0m [0mdescription      = ""
              [32m+[0m [0mfrom_port        = 443
              [32m+[0m [0mipv6_cidr_blocks = []
              [32m+[0m [0mprefix_list_ids  = []
              [32m+[0m [0mprotocol         = "tcp"
              [32m+[0m [0msecurity_groups  = []
              [32m+[0m [0mself             = false
              [32m+[0m [0mto_port          = 443
            },
          [32m+[0m [0m{
              [32m+[0m [0mcidr_blocks      = [
                  [32m+[0m [0m"0.0.0.0/0",
                ]
              [32m+[0m [0mdescription      = ""
              [32m+[0m [0mfrom_port        = 80
              [32m+[0m [0mipv6_cidr_blocks = []
              [32m+[0m [0mprefix_list_ids  = []
              [32m+[0m [0mprotocol         = "tcp"
              [32m+[0m [0msecurity_groups  = []
              [32m+[0m [0mself             = false
              [32m+[0m [0mto_port          = 80
            },
          [32m+[0m [0m{
              [32m+[0m [0mcidr_blocks      = [
                  [32m+[0m [0m"94.238.119.96/32",
                ]
              [32m+[0m [0mdescription      = ""
              [32m+[0m [0mfrom_port        = 22
              [32m+[0m [0mipv6_cidr_blocks = []
              [32m+[0m [0mprefix_list_ids  = []
              [32m+[0m [0mprotocol         = "tcp"
              [32m+[0m [0msecurity_groups  = []
              [32m+[0m [0mself             = false
              [32m+[0m [0mto_port          = 22
            },
        ]
      [32m+[0m [0m[1m[0mname[0m[0m                   = "project-sg-sg"
      [32m+[0m [0m[1m[0mname_prefix[0m[0m            = (known after apply)
      [32m+[0m [0m[1m[0mowner_id[0m[0m               = (known after apply)
      [32m+[0m [0m[1m[0mrevoke_rules_on_delete[0m[0m = false
      [32m+[0m [0m[1m[0mtags[0m[0m                   = {
          [32m+[0m [0m"ManagedBy" = "terraform"
          [32m+[0m [0m"Name"      = "project-sg"
          [32m+[0m [0m"Role"      = "public"
        }
      [32m+[0m [0m[1m[0mtags_all[0m[0m               = {
          [32m+[0m [0m"ManagedBy" = "terraform"
          [32m+[0m [0m"Name"      = "project-sg"
          [32m+[0m [0m"Role"      = "public"
        }
      [32m+[0m [0m[1m[0mvpc_id[0m[0m                 = (known after apply)
    }

[0m[1mPlan:[0m 11 to add, 0 to change, 0 to destroy.
[0m[0m
[1mChanges to Outputs:[0m[0m
  [32m+[0m [0m[1m[0minstance_name[0m[0m = "ec2-project"
  [32m+[0m [0m[1m[0mpublic_ip[0m[0m     = (known after apply)
[0m[1m
Do you want to perform these actions?[0m
  Terraform will perform the actions described above.
  Only 'yes' will be accepted to approve.

  [1mEnter a value:[0m [0m
[0m[1mmodule.key_ssh.tls_private_key.private-key[0]: Creating...[0m[0m
[0m[1mmodule.key_ssh.tls_private_key.private-key[0]: Creation complete after 1s [id=ee1af0a9891c1ef1390737f0eecbf74a245b0a0a][0m
[0m[1mmodule.key_ssh.local_file.private_key: Creating...[0m[0m
[0m[1mmodule.key_ssh.local_file.private_key: Creation complete after 0s [id=138805eb61dc1b72acdf44bb22d9c4df0f4c9b84][0m
[0m[1mmodule.key_ssh.aws_key_pair.generated_key[0]: Creating...[0m[0m
[0m[1mmodule.eip.aws_eip.eip: Creating...[0m[0m
[0m[1mmodule.ec2_instance.aws_instance.ec2: Creating...[0m[0m
[0m[1mmodule.sg.aws_security_group.public: Creating...[0m[0m
[0m[1mmodule.key_ssh.aws_key_pair.generated_key[0]: Creation complete after 0s [id=key-project][0m
[0m[1mmodule.eip.aws_eip.eip: Creation complete after 1s [id=eipalloc-02385334820559e6f][0m
[0m[1mmodule.sg.aws_security_group.public: Creation complete after 3s [id=sg-09e275258cdc73624][0m
[0m[1mmodule.ec2_instance.aws_instance.ec2: Still creating... [10s elapsed][0m[0m
[0m[1mmodule.ec2_instance.aws_instance.ec2: Still creating... [20s elapsed][0m[0m
[0m[1mmodule.ec2_instance.aws_instance.ec2: Still creating... [30s elapsed][0m[0m
[0m[1mmodule.ec2_instance.aws_instance.ec2: Still creating... [40s elapsed][0m[0m
[0m[1mmodule.ec2_instance.aws_instance.ec2: Still creating... [50s elapsed][0m[0m
[0m[1mmodule.ec2_instance.aws_instance.ec2: Creation complete after 54s [id=i-03b33f13f4a8ebd30][0m
[0m[1mmodule.ec2_instance.aws_network_interface_sg_attachment.sg_attachment: Creating...[0m[0m
[0m[1mmodule.ec2_instance.aws_eip_association.allocation-eip[0]: Creating...[0m[0m
[0m[1mlocal_file.ec2_infos: Creating...[0m[0m
[0m[1mmodule.ebs.aws_ebs_volume.ebs: Creating...[0m[0m
[0m[1mlocal_file.ec2_infos: Creation complete after 0s [id=0d403de6926dbe187d05e4bd280fdcebb3b6710f][0m
[0m[1mmodule.ec2_instance.aws_network_interface_sg_attachment.sg_attachment: Creation complete after 1s [id=sg-09e275258cdc73624_eni-0a6e0cdf52169a3b7][0m
[0m[1mmodule.ec2_instance.aws_eip_association.allocation-eip[0]: Creation complete after 2s [id=eipassoc-007e942d116fa916f][0m
[0m[1mmodule.ebs.aws_ebs_volume.ebs: Still creating... [10s elapsed][0m[0m
[0m[1mmodule.ebs.aws_ebs_volume.ebs: Creation complete after 10s [id=vol-04520fc4c9ede8ab1][0m
[0m[1mmodule.ebs.aws_volume_attachment.ebs_att: Creating...[0m[0m
[0m[1mmodule.ebs.aws_volume_attachment.ebs_att: Still creating... [10s elapsed][0m[0m
[0m[1mmodule.ebs.aws_volume_attachment.ebs_att: Still creating... [20s elapsed][0m[0m
[0m[1mmodule.ebs.aws_volume_attachment.ebs_att: Creation complete after 22s [id=vai-3293190747][0m
[0m[1m[32m
Apply complete! Resources: 11 added, 0 changed, 0 destroyed.
[0m[0m[1m[32m
Outputs:

[0minstance_name = "ec2-project"
public_ip = "18.215.77.5"
